// !$*UTF8*$!
{
	archiveVersion = 1;
	classes = {
	};
	objectVersion = 48;
	objects = {

/* Begin PBXBuildFile section */
		C557DD431B988ED300E59BC9 /* AppDelegate.swift in Sources */ = {isa = PBXBuildFile; fileRef = C557DD421B988ED300E59BC9 /* AppDelegate.swift */; };
		C557DD451B988ED300E59BC9 /* Images.xcassets in Resources */ = {isa = PBXBuildFile; fileRef = C557DD441B988ED300E59BC9 /* Images.xcassets */; };
		C557DD481B988ED300E59BC9 /* MainMenu.xib in Resources */ = {isa = PBXBuildFile; fileRef = C557DD461B988ED300E59BC9 /* MainMenu.xib */; };
/* End PBXBuildFile section */

/* Begin PBXFileReference section */
		C557DD3D1B988ED300E59BC9 /* ValidatorLauncher.app */ = {isa = PBXFileReference; explicitFileType = wrapper.application; includeInIndex = 0; path = ValidatorLauncher.app; sourceTree = BUILT_PRODUCTS_DIR; };
		C557DD411B988ED300E59BC9 /* Info.plist */ = {isa = PBXFileReference; lastKnownFileType = text.plist.xml; path = Info.plist; sourceTree = "<group>"; };
		C557DD421B988ED300E59BC9 /* AppDelegate.swift */ = {isa = PBXFileReference; lastKnownFileType = sourcecode.swift; path = AppDelegate.swift; sourceTree = "<group>"; };
		C557DD441B988ED300E59BC9 /* Images.xcassets */ = {isa = PBXFileReference; lastKnownFileType = folder.assetcatalog; path = Images.xcassets; sourceTree = "<group>"; };
		C557DD471B988ED300E59BC9 /* Base */ = {isa = PBXFileReference; lastKnownFileType = file.xib; name = Base; path = Base.lproj/MainMenu.xib; sourceTree = "<group>"; };
/* End PBXFileReference section */

/* Begin PBXFrameworksBuildPhase section */
		C557DD3A1B988ED300E59BC9 /* Frameworks */ = {
			isa = PBXFrameworksBuildPhase;
			buildActionMask = 2147483647;
			files = (
			);
			runOnlyForDeploymentPostprocessing = 0;
		};
/* End PBXFrameworksBuildPhase section */

/* Begin PBXGroup section */
		C557DD341B988ED300E59BC9 = {
			isa = PBXGroup;
			children = (
				C557DD3F1B988ED300E59BC9 /* ValidatorLauncher */,
				C557DD3E1B988ED300E59BC9 /* Products */,
			);
			sourceTree = "<group>";
		};
		C557DD3E1B988ED300E59BC9 /* Products */ = {
			isa = PBXGroup;
			children = (
				C557DD3D1B988ED300E59BC9 /* ValidatorLauncher.app */,
			);
			name = Products;
			sourceTree = "<group>";
		};
		C557DD3F1B988ED300E59BC9 /* ValidatorLauncher */ = {
			isa = PBXGroup;
			children = (
				C557DD421B988ED300E59BC9 /* AppDelegate.swift */,
				C557DD441B988ED300E59BC9 /* Images.xcassets */,
				C557DD461B988ED300E59BC9 /* MainMenu.xib */,
				C557DD401B988ED300E59BC9 /* Supporting Files */,
			);
			name = ValidatorLauncher;
			path = "ValidatorLauncher for Mac";
			sourceTree = "<group>";
		};
		C557DD401B988ED300E59BC9 /* Supporting Files */ = {
			isa = PBXGroup;
			children = (
				C557DD411B988ED300E59BC9 /* Info.plist */,
			);
			name = "Supporting Files";
			sourceTree = "<group>";
		};
/* End PBXGroup section */

/* Begin PBXNativeTarget section */
		C557DD3C1B988ED300E59BC9 /* ValidatorLauncher */ = {
			isa = PBXNativeTarget;
			buildConfigurationList = C557DD571B988ED300E59BC9 /* Build configuration list for PBXNativeTarget "ValidatorLauncher" */;
			buildPhases = (
				C557DD391B988ED300E59BC9 /* Sources */,
				C557DD3A1B988ED300E59BC9 /* Frameworks */,
				C557DD3B1B988ED300E59BC9 /* Resources */,
			);
			buildRules = (
			);
			dependencies = (
			);
			name = ValidatorLauncher;
			productName = "ValidatorLauncher for Mac";
			productReference = C557DD3D1B988ED300E59BC9 /* ValidatorLauncher.app */;
			productType = "com.apple.product-type.application";
		};
/* End PBXNativeTarget section */

/* Begin PBXProject section */
		C557DD351B988ED300E59BC9 /* Project object */ = {
			isa = PBXProject;
			attributes = {
				LastSwiftMigration = 0700;
				LastSwiftUpdateCheck = 0700;
				LastUpgradeCheck = 0900;
				ORGANIZATIONNAME = "Lothar Haeger";
				TargetAttributes = {
					C557DD3C1B988ED300E59BC9 = {
						CreatedOnToolsVersion = 6.4;
						DevelopmentTeam = 8B7L8R4FBJ;
						LastSwiftMigration = 0900;
					};
				};
			};
			buildConfigurationList = C557DD381B988ED300E59BC9 /* Build configuration list for PBXProject "ValidatorLauncher" */;
			compatibilityVersion = "Xcode 8.0";
			developmentRegion = English;
			hasScannedForEncodings = 0;
			knownRegions = (
				en,
				Base,
			);
			mainGroup = C557DD341B988ED300E59BC9;
			productRefGroup = C557DD3E1B988ED300E59BC9 /* Products */;
			projectDirPath = "";
			projectRoot = "";
			targets = (
				C557DD3C1B988ED300E59BC9 /* ValidatorLauncher */,
			);
		};
/* End PBXProject section */

/* Begin PBXResourcesBuildPhase section */
		C557DD3B1B988ED300E59BC9 /* Resources */ = {
			isa = PBXResourcesBuildPhase;
			buildActionMask = 2147483647;
			files = (
				C557DD451B988ED300E59BC9 /* Images.xcassets in Resources */,
				C557DD481B988ED300E59BC9 /* MainMenu.xib in Resources */,
			);
			runOnlyForDeploymentPostprocessing = 0;
		};
/* End PBXResourcesBuildPhase section */

/* Begin PBXSourcesBuildPhase section */
		C557DD391B988ED300E59BC9 /* Sources */ = {
			isa = PBXSourcesBuildPhase;
			buildActionMask = 2147483647;
			files = (
				C557DD431B988ED300E59BC9 /* AppDelegate.swift in Sources */,
			);
			runOnlyForDeploymentPostprocessing = 0;
		};
/* End PBXSourcesBuildPhase section */

/* Begin PBXVariantGroup section */
		C557DD461B988ED300E59BC9 /* MainMenu.xib */ = {
			isa = PBXVariantGroup;
			children = (
				C557DD471B988ED300E59BC9 /* Base */,
			);
			name = MainMenu.xib;
			sourceTree = "<group>";
		};
/* End PBXVariantGroup section */

/* Begin XCBuildConfiguration section */
		C557DD551B988ED300E59BC9 /* Debug */ = {
			isa = XCBuildConfiguration;
			buildSettings = {
				ALWAYS_SEARCH_USER_PATHS = NO;
				CLANG_CXX_LANGUAGE_STANDARD = "gnu++0x";
				CLANG_CXX_LIBRARY = "libc++";
				CLANG_ENABLE_MODULES = YES;
				CLANG_ENABLE_OBJC_ARC = YES;
				CLANG_WARN_BLOCK_CAPTURE_AUTORELEASING = YES;
				CLANG_WARN_BOOL_CONVERSION = YES;
				CLANG_WARN_COMMA = YES;
				CLANG_WARN_CONSTANT_CONVERSION = YES;
				CLANG_WARN_DIRECT_OBJC_ISA_USAGE = YES_ERROR;
				CLANG_WARN_EMPTY_BODY = YES;
				CLANG_WARN_ENUM_CONVERSION = YES;
				CLANG_WARN_INFINITE_RECURSION = YES;
				CLANG_WARN_INT_CONVERSION = YES;
				CLANG_WARN_NON_LITERAL_NULL_CONVERSION = YES;
				CLANG_WARN_OBJC_LITERAL_CONVERSION = YES;
				CLANG_WARN_OBJC_ROOT_CLASS = YES_ERROR;
				CLANG_WARN_RANGE_LOOP_ANALYSIS = YES;
				CLANG_WARN_STRICT_PROTOTYPES = YES;
				CLANG_WARN_SUSPICIOUS_MOVE = YES;
				CLANG_WARN_UNREACHABLE_CODE = YES;
				CLANG_WARN__DUPLICATE_METHOD_MATCH = YES;
				CODE_SIGN_IDENTITY = "Mac Developer: lothar.haeger@brummelhook.com (WLN4EDBQ4G)";
				COPY_PHASE_STRIP = NO;
				DEBUG_INFORMATION_FORMAT = dwarf;
				DEVELOPMENT_TEAM = 8B7L8R4FBJ;
				ENABLE_STRICT_OBJC_MSGSEND = YES;
				ENABLE_TESTABILITY = YES;
				GCC_C_LANGUAGE_STANDARD = gnu99;
				GCC_DYNAMIC_NO_PIC = NO;
				GCC_NO_COMMON_BLOCKS = YES;
				GCC_OPTIMIZATION_LEVEL = 0;
				GCC_PREPROCESSOR_DEFINITIONS = (
					"DEBUG=1",
					"$(inherited)",
				);
				GCC_SYMBOLS_PRIVATE_EXTERN = NO;
				GCC_WARN_64_TO_32_BIT_CONVERSION = YES;
				GCC_WARN_ABOUT_RETURN_TYPE = YES_ERROR;
				GCC_WARN_UNDECLARED_SELECTOR = YES;
				GCC_WARN_UNINITIALIZED_AUTOS = YES_AGGRESSIVE;
				GCC_WARN_UNUSED_FUNCTION = YES;
				GCC_WARN_UNUSED_VARIABLE = YES;
				MACOSX_DEPLOYMENT_TARGET = 10.10;
				MTL_ENABLE_DEBUG_INFO = YES;
				ONLY_ACTIVE_ARCH = YES;
				SDKROOT = macosx;
				SWIFT_OPTIMIZATION_LEVEL = "-Onone";
				SWIFT_VERSION = 4.0;
			};
			name = Debug;
		};
		C557DD561B988ED300E59BC9 /* Release */ = {
			isa = XCBuildConfiguration;
			buildSettings = {
				ALWAYS_SEARCH_USER_PATHS = NO;
				CLANG_CXX_LANGUAGE_STANDARD = "gnu++0x";
				CLANG_CXX_LIBRARY = "libc++";
				CLANG_ENABLE_MODULES = YES;
				CLANG_ENABLE_OBJC_ARC = YES;
				CLANG_WARN_BLOCK_CAPTURE_AUTORELEASING = YES;
				CLANG_WARN_BOOL_CONVERSION = YES;
				CLANG_WARN_COMMA = YES;
				CLANG_WARN_CONSTANT_CONVERSION = YES;
				CLANG_WARN_DIRECT_OBJC_ISA_USAGE = YES_ERROR;
				CLANG_WARN_EMPTY_BODY = YES;
				CLANG_WARN_ENUM_CONVERSION = YES;
				CLANG_WARN_INFINITE_RECURSION = YES;
				CLANG_WARN_INT_CONVERSION = YES;
				CLANG_WARN_NON_LITERAL_NULL_CONVERSION = YES;
				CLANG_WARN_OBJC_LITERAL_CONVERSION = YES;
				CLANG_WARN_OBJC_ROOT_CLASS = YES_ERROR;
				CLANG_WARN_RANGE_LOOP_ANALYSIS = YES;
				CLANG_WARN_STRICT_PROTOTYPES = YES;
				CLANG_WARN_SUSPICIOUS_MOVE = YES;
				CLANG_WARN_UNREACHABLE_CODE = YES;
				CLANG_WARN__DUPLICATE_METHOD_MATCH = YES;
				CODE_SIGN_IDENTITY = "Mac Developer: lothar.haeger@brummelhook.com (WLN4EDBQ4G)";
				COPY_PHASE_STRIP = NO;
				DEBUG_INFORMATION_FORMAT = "dwarf-with-dsym";
				DEVELOPMENT_TEAM = 8B7L8R4FBJ;
				ENABLE_NS_ASSERTIONS = NO;
				ENABLE_STRICT_OBJC_MSGSEND = YES;
				GCC_C_LANGUAGE_STANDARD = gnu99;
				GCC_NO_COMMON_BLOCKS = YES;
				GCC_WARN_64_TO_32_BIT_CONVERSION = YES;
				GCC_WARN_ABOUT_RETURN_TYPE = YES_ERROR;
				GCC_WARN_UNDECLARED_SELECTOR = YES;
				GCC_WARN_UNINITIALIZED_AUTOS = YES_AGGRESSIVE;
				GCC_WARN_UNUSED_FUNCTION = YES;
				GCC_WARN_UNUSED_VARIABLE = YES;
				MACOSX_DEPLOYMENT_TARGET = 10.10;
				MTL_ENABLE_DEBUG_INFO = NO;
				SDKROOT = macosx;
				SWIFT_OPTIMIZATION_LEVEL = "-Owholemodule";
				SWIFT_VERSION = 4.0;
			};
			name = Release;
		};
		C557DD581B988ED300E59BC9 /* Debug */ = {
			isa = XCBuildConfiguration;
			buildSettings = {
				ASSETCATALOG_COMPILER_APPICON_NAME = AppIcon;
				CODE_SIGN_IDENTITY = "Mac Developer";
				"CODE_SIGN_IDENTITY[sdk=*]" = "Mac Developer";
				COMBINE_HIDPI_IMAGES = YES;
				DEVELOPMENT_TEAM = 8B7L8R4FBJ;
				INFOPLIST_FILE = "ValidatorLauncher for Mac/Info.plist";
				LD_RUNPATH_SEARCH_PATHS = "$(inherited) @executable_path/../Frameworks";
				MACOSX_DEPLOYMENT_TARGET = 10.10;
				ONLY_ACTIVE_ARCH = YES;
				PRODUCT_BUNDLE_IDENTIFIER = "com.brummelhook.$(PRODUCT_NAME:rfc1034identifier)";
				PRODUCT_NAME = ValidatorLauncher;
				PROVISIONING_PROFILE = "";
				SWIFT_SWIFT3_OBJC_INFERENCE = On;
				SWIFT_VERSION = 4.0;
			};
			name = Debug;
		};
		C557DD591B988ED300E59BC9 /* Release */ = {
			isa = XCBuildConfiguration;
			buildSettings = {
				ASSETCATALOG_COMPILER_APPICON_NAME = AppIcon;
				CODE_SIGN_IDENTITY = "Mac Developer";
				"CODE_SIGN_IDENTITY[sdk=macosx*]" = "Mac Developer";
				COMBINE_HIDPI_IMAGES = YES;
				DEVELOPMENT_TEAM = 8B7L8R4FBJ;
				INFOPLIST_FILE = "ValidatorLauncher for Mac/Info.plist";
				LD_RUNPATH_SEARCH_PATHS = "$(inherited) @executable_path/../Frameworks";
				MACOSX_DEPLOYMENT_TARGET = 10.10;
				ONLY_ACTIVE_ARCH = YES;
				PRODUCT_BUNDLE_IDENTIFIER = "com.brummelhook.$(PRODUCT_NAME:rfc1034identifier)";
				PRODUCT_NAME = ValidatorLauncher;
				PROVISIONING_PROFILE = "";
				SWIFT_SWIFT3_OBJC_INFERENCE = On;
				SWIFT_VERSION = 4.0;
			};
			name = Release;
		};
/* End XCBuildConfiguration section */

/* Begin XCConfigurationList section */
		C557DD381B988ED300E59BC9 /* Build configuration list for PBXProject "ValidatorLauncher" */ = {
			isa = XCConfigurationList;
			buildConfigurations = (
				C557DD551B988ED300E59BC9 /* Debug */,
				C557DD561B988ED300E59BC9 /* Release */,
			);
			defaultConfigurationIsVisible = 0;
			defaultConfigurationName = Release;
		};
		C557DD571B988ED300E59BC9 /* Build configuration list for PBXNativeTarget "ValidatorLauncher" */ = {
			isa = XCConfigurationList;
			buildConfigurations = (
				C557DD581B988ED300E59BC9 /* Debug */,
				C557DD591B988ED300E59BC9 /* Release */,
			);
			defaultConfigurationIsVisible = 0;
			defaultConfigurationName = Release;
		};
/* End XCConfigurationList section */
	};
	rootObject = C557DD351B988ED300E59BC9 /* Project object */;
}
